
Microsoft Visual Studio Solution File, Format Version 12.00
# Visual Studio 15
VisualStudioVersion = 15.0.28010.2003
MinimumVisualStudioVersion = 10.0.40219.1
Project("{9A19103F-16F7-4668-BE54-9A1E7A4F7556}") = "simple-aspnet-spa-angular", "simple-aspnet-spa-angular.csproj", "{D008E801-275B-4ACD-BB24-1F33FE7162B0}"
EndProject
Global
	GlobalSection(SolutionConfigurationPlatforms) = preSolution
		Debug|Any CPU = Debug|Any CPU
		Release|Any CPU = Release|Any CPU
	EndGlobalSection
	GlobalSection(ProjectConfigurationPlatforms) = postSolution
		{D008E801-275B-4ACD-BB24-1F33FE7162B0}.Debug|Any CPU.ActiveCfg = Debug|Any CPU
		{D008E801-275B-4ACD-BB24-1F33FE7162B0}.Debug|Any CPU.Build.0 = Debug|Any CPU
		{D008E801-275B-4ACD-BB24-1F33FE7162B0}.Release|Any CPU.ActiveCfg = Release|Any CPU
		{D008E801-275B-4ACD-BB24-1F33FE7162B0}.Release|Any CPU.Build.0 = Release|Any CPU
	EndGlobalSection
	GlobalSection(SolutionProperties) = preSolution
		HideSolutionNode = FALSE
	EndGlobalSection
	GlobalSection(ExtensibilityGlobals) = postSolution
		SolutionGuid = {761D9445-A194-41CA-B679-BC36FF9F831C}
	EndGlobalSection
EndGlobal
